DEPENDENCIES
  deploy
    git: https://github.com/krowpu/chef-deploy.git
    revision: 81437b5471c87e73e0a05ca47b55c65832c754ac
  dist-update
    git: https://github.com/krowpu/chef-dist-update.git
    revision: b6c2230082d1caa75f237e301cba136b000b2ca3
  nginx
    git: https://github.com/krowpu/chef-nginx.git
    revision: be140fa738408bba97c61c20c3e56a88c0702b71
  xvfb
    git: https://github.com/krowpu/chef-xvfb.git
    revision: d8a562ec5b3ddf4df3ea6db1b53c82f5c1b39a3e

GRAPH
  deploy (0.0.0)
  dist-update (0.0.0)
  nginx (0.0.0)
    dist-update (>= 0.0.0)
  xvfb (3.0.0)
