DEPENDENCIES
  deploy
    git: https://github.com/krowpu/chef-deploy.git
    revision: f646f80b181e3254ecd1b12eea19e146325509fc
  dist-update
    git: https://github.com/krowpu/chef-dist-update.git
    revision: b6c2230082d1caa75f237e301cba136b000b2ca3
  nginx
    git: https://github.com/krowpu/chef-nginx.git
    revision: 198f83d368cb4fa6e0ae5c239bd703fe72547fb2
  xvfb
    git: https://github.com/krowpu/chef-xvfb.git
    revision: d8a562ec5b3ddf4df3ea6db1b53c82f5c1b39a3e

GRAPH
  deploy (0.0.0)
    dist-update (>= 0.0.0)
  dist-update (0.0.0)
  nginx (0.0.0)
    dist-update (>= 0.0.0)
  xvfb (3.0.0)
